
Microsoft Visual Studio Solution File, Format Version 12.00
# Visual Studio 15
VisualStudioVersion = 15.0.28307.645
MinimumVisualStudioVersion = 10.0.40219.1
Project("{FAE04EC0-301F-11D3-BF4B-00C04F79EFBC}") = "MainCorreo", "FrmPpal\MainCorreo.csproj", "{C6CAB94B-DB2E-41F4-8021-8AE583926CC0}"
EndProject
Project("{FAE04EC0-301F-11D3-BF4B-00C04F79EFBC}") = "Entidades", "Correo\Entidades.csproj", "{8824BB66-3890-4A96-9144-EC7186D2A6CD}"
EndProject
Project("{FAE04EC0-301F-11D3-BF4B-00C04F79EFBC}") = "TestTP4", "TestTP4\TestTP4.csproj", "{803E73DB-E032-45BF-9236-A241CDC8EFAA}"
EndProject
Global
	GlobalSection(SolutionConfigurationPlatforms) = preSolution
		Debug|Any CPU = Debug|Any CPU
		Release|Any CPU = Release|Any CPU
	EndGlobalSection
	GlobalSection(ProjectConfigurationPlatforms) = postSolution
		{C6CAB94B-DB2E-41F4-8021-8AE583926CC0}.Debug|Any CPU.ActiveCfg = Debug|Any CPU
		{C6CAB94B-DB2E-41F4-8021-8AE583926CC0}.Debug|Any CPU.Build.0 = Debug|Any CPU
		{C6CAB94B-DB2E-41F4-8021-8AE583926CC0}.Release|Any CPU.ActiveCfg = Release|Any CPU
		{C6CAB94B-DB2E-41F4-8021-8AE583926CC0}.Release|Any CPU.Build.0 = Release|Any CPU
		{8824BB66-3890-4A96-9144-EC7186D2A6CD}.Debug|Any CPU.ActiveCfg = Debug|Any CPU
		{8824BB66-3890-4A96-9144-EC7186D2A6CD}.Debug|Any CPU.Build.0 = Debug|Any CPU
		{8824BB66-3890-4A96-9144-EC7186D2A6CD}.Release|Any CPU.ActiveCfg = Release|Any CPU
		{8824BB66-3890-4A96-9144-EC7186D2A6CD}.Release|Any CPU.Build.0 = Release|Any CPU
		{803E73DB-E032-45BF-9236-A241CDC8EFAA}.Debug|Any CPU.ActiveCfg = Debug|Any CPU
		{803E73DB-E032-45BF-9236-A241CDC8EFAA}.Debug|Any CPU.Build.0 = Debug|Any CPU
		{803E73DB-E032-45BF-9236-A241CDC8EFAA}.Release|Any CPU.ActiveCfg = Release|Any CPU
		{803E73DB-E032-45BF-9236-A241CDC8EFAA}.Release|Any CPU.Build.0 = Release|Any CPU
	EndGlobalSection
	GlobalSection(SolutionProperties) = preSolution
		HideSolutionNode = FALSE
	EndGlobalSection
	GlobalSection(ExtensibilityGlobals) = postSolution
		SolutionGuid = {BDF60929-AFB3-4297-8044-CCE74A295163}
	EndGlobalSection
EndGlobal
